[{<<"esockd">>,
  {git,"git://github.com/emqtt/esockd",
       {ref,"a1d7e47354f63493c1f047c3bee7326df311a897"}},
  0},
 {<<"gen_logger">>,
  {git,"https://github.com/emqtt/gen_logger.git",
       {ref,"e3c9c60b153642193319c793501b10c263d76477"}},
  1},
 {<<"goldrush">>,
  {git,"https://github.com/basho/goldrush.git",
       {ref,"8f1b715d36b650ec1e1f5612c00e28af6ab0de82"}},
  3},
 {<<"gproc">>,
  {git,"git://github.com/esl/gproc.git",
       {ref,"81ff4ce6d0ea2136845e1322521f2d42820d1dfb"}},
  0},
 {<<"jiffy">>,
  {git,"git://github.com/davisp/jiffy",
       {ref,"7ecd610286a6cfbf3008d33deff081a6b28648c4"}},
  0},
 {<<"lager">>,
  {git,"https://github.com/basho/lager.git",
       {ref,"81eaef0ce98fdbf64ab95665e3bc2ec4b24c7dac"}},
  2}].
